
Microsoft Visual Studio Solution File, Format Version 12.00
# Visual Studio Version 17
VisualStudioVersion = 17.10.34916.146
MinimumVisualStudioVersion = 10.0.40219.1
Project("{9A19103F-16F7-4668-BE54-9A1E7A4F7556}") = "To Do List API", "To Do List API\To Do List API.csproj", "{AB675EF0-A949-4D3A-8964-332C1317E7C1}"
EndProject
Project("{FAE04EC0-301F-11D3-BF4B-00C04F79EFBC}") = "To Do List API.Core", "To Do List API.Core\To Do List API.Core.csproj", "{43D6ED48-F7E6-4898-9B45-C189BD130938}"
EndProject
Project("{FAE04EC0-301F-11D3-BF4B-00C04F79EFBC}") = "To Do List API.Infrastructure", "To Do List API.Infrastructure\To Do List API.Infrastructure.csproj", "{DA28F5B8-A4DB-499B-A0C4-E90D7093F0FC}"
EndProject
Global
	GlobalSection(SolutionConfigurationPlatforms) = preSolution
		Debug|Any CPU = Debug|Any CPU
		Release|Any CPU = Release|Any CPU
	EndGlobalSection
	GlobalSection(ProjectConfigurationPlatforms) = postSolution
		{AB675EF0-A949-4D3A-8964-332C1317E7C1}.Debug|Any CPU.ActiveCfg = Debug|Any CPU
		{AB675EF0-A949-4D3A-8964-332C1317E7C1}.Debug|Any CPU.Build.0 = Debug|Any CPU
		{AB675EF0-A949-4D3A-8964-332C1317E7C1}.Release|Any CPU.ActiveCfg = Release|Any CPU
		{AB675EF0-A949-4D3A-8964-332C1317E7C1}.Release|Any CPU.Build.0 = Release|Any CPU
		{43D6ED48-F7E6-4898-9B45-C189BD130938}.Debug|Any CPU.ActiveCfg = Debug|Any CPU
		{43D6ED48-F7E6-4898-9B45-C189BD130938}.Debug|Any CPU.Build.0 = Debug|Any CPU
		{43D6ED48-F7E6-4898-9B45-C189BD130938}.Release|Any CPU.ActiveCfg = Release|Any CPU
		{43D6ED48-F7E6-4898-9B45-C189BD130938}.Release|Any CPU.Build.0 = Release|Any CPU
		{DA28F5B8-A4DB-499B-A0C4-E90D7093F0FC}.Debug|Any CPU.ActiveCfg = Debug|Any CPU
		{DA28F5B8-A4DB-499B-A0C4-E90D7093F0FC}.Debug|Any CPU.Build.0 = Debug|Any CPU
		{DA28F5B8-A4DB-499B-A0C4-E90D7093F0FC}.Release|Any CPU.ActiveCfg = Release|Any CPU
		{DA28F5B8-A4DB-499B-A0C4-E90D7093F0FC}.Release|Any CPU.Build.0 = Release|Any CPU
	EndGlobalSection
	GlobalSection(SolutionProperties) = preSolution
		HideSolutionNode = FALSE
	EndGlobalSection
	GlobalSection(ExtensibilityGlobals) = postSolution
		SolutionGuid = {CBFAD7F7-9CA8-4F49-9A83-F4C4D3DB0F76}
	EndGlobalSection
EndGlobal
